# This file is generated by running "yarn install" inside your project.
# Manual changes might be lost - proceed with caution!

__metadata:
  version: 10
  cacheKey: 10c0

"@microfeed/theme-kit@npm:^1.0.0":
  version: 1.0.13
  resolution: "@microfeed/theme-kit@npm:1.0.13"
  dependencies:
    fast-xml-validator: "npm:^1.4.1"
    mustache: "npm:^4.2.0"
    parse5: "npm:^7.3.0"
    semver: "npm:^7.8.5"
    zod: "npm:^4.4.3"
  bin:
    microfeed-theme: dist/cli.js
    theme-kit: dist/cli.js
  checksum: 10c0/8e21f78b1053d4d76a3dff8168da0121096abddef39753ec5bc9865c7a866357979d65be434231d01591340341fce92cdb108f1e68f5bd27e0cd2566c5279167
  languageName: node
  linkType: hard

"@nodable/base-output-builder@npm:^2.0.0":
  version: 2.0.0
  resolution: "@nodable/base-output-builder@npm:2.0.0"
  dependencies:
    "@nodable/entities": "npm:^2.2.0"
    is-unsafe: "npm:^1.0.1"
    path-expression-matcher: "npm:^1.6.1"
    strnum: "npm:^2.4.1"
  checksum: 10c0/c281220198afdf783d9a958d8f23b43d0821cb4bf4a82f99a7fa4a47fb0858b6be80b46db6f2e6c18c6f9c8406324b60fbb1589328f4afe8bdd1555fdf05c427
  languageName: node
  linkType: hard

"@nodable/compact-builder@npm:^2.0.0":
  version: 2.0.0
  resolution: "@nodable/compact-builder@npm:2.0.0"
  dependencies:
    "@nodable/base-output-builder": "npm:^2.0.0"
    path-expression-matcher: "npm:^1.6.1"
  checksum: 10c0/a33463abf9deebaf58181f30df023d901b77e395fd0ad49068fb571616b866f4cd5a5061ce034bfc5f2c7ccb03fe297353e3d07f9a9438f83d5d0470a70db427
  languageName: node
  linkType: hard

"@nodable/entities@npm:^2.2.0":
  version: 2.2.0
  resolution: "@nodable/entities@npm:2.2.0"
  checksum: 10c0/a5ace5b2f747ae5b851f68a1731526c3e10feacde80469415d15a0df0e960251b515e3cd4ea080a3534e0610ac74b0d3252f607ef2f536bcc97e22d324231578
  languageName: node
  linkType: hard

"@nodable/flexible-xml-parser@npm:^1.11.2":
  version: 1.11.3
  resolution: "@nodable/flexible-xml-parser@npm:1.11.3"
  dependencies:
    "@nodable/base-output-builder": "npm:^2.0.0"
    "@nodable/compact-builder": "npm:^2.0.0"
    path-expression-matcher: "npm:^1.6.2"
    xml-naming: "npm:^0.3.0"
  checksum: 10c0/238b2494098e1f8cf12c49f709056ce7140ca64b3310ff25690f1049a309897d5a0ccb8aba84d8fbc715a11772892760ea05532654c14469d1c189551c08b86e
  languageName: node
  linkType: hard

"anynum@npm:^1.0.1":
  version: 1.0.1
  resolution: "anynum@npm:1.0.1"
  checksum: 10c0/cfda92c9215722fc4b15faa33d0eb3d5dfd28fba6cb67c1f50d214feaa7ba6497814a3e110777853585de6d91c8c962a1ae425b637d3598d9f9d8f6f6802e5bb
  languageName: node
  linkType: hard

"detailed-xml-validator@npm:^2.2.0":
  version: 2.2.0
  resolution: "detailed-xml-validator@npm:2.2.0"
  dependencies:
    "@nodable/base-output-builder": "npm:^2.0.0"
    "@nodable/compact-builder": "npm:^2.0.0"
    "@nodable/flexible-xml-parser": "npm:^1.11.2"
  checksum: 10c0/28406467886254973495007d855318a337466fc53cda25b63ee7decfe18816d556b57ce6c80b0fa96bdc95979e0321385e528dc4fad52111c1110b9362e2335f
  languageName: node
  linkType: hard

"entities@npm:^6.0.0":
  version: 6.0.1
  resolution: "entities@npm:6.0.1"
  checksum: 10c0/ed836ddac5acb34341094eb495185d527bd70e8632b6c0d59548cbfa23defdbae70b96f9a405c82904efa421230b5b3fd2283752447d737beffd3f3e6ee74414
  languageName: node
  linkType: hard

"fast-xml-validator@npm:^1.4.1":
  version: 1.4.2
  resolution: "fast-xml-validator@npm:1.4.2"
  dependencies:
    detailed-xml-validator: "npm:^2.2.0"
    path-expression-matcher: "npm:^1.6.2"
    xml-naming: "npm:^0.3.0"
  checksum: 10c0/44c04940a0ff5654fb37356a34658db7516196411e0c0eb0c02f91a8cc42b29eefc083b464648621be3ef3eaf28a29163a53fc2ca1ab13a760e83f9e35f3fb2e
  languageName: node
  linkType: hard

"is-unsafe@npm:^1.0.1":
  version: 1.0.1
  resolution: "is-unsafe@npm:1.0.1"
  checksum: 10c0/93c6d4784dee35f32357718bad5b39f9ec6cd051e2103885a803e673a9b408f46bd87c4776eed4f9742f9f35b0d83e6411549c6afcd01884ded1aa8fbbc651b9
  languageName: node
  linkType: hard

"local.legacy-theme@workspace:.":
  version: 0.0.0-use.local
  resolution: "local.legacy-theme@workspace:."
  dependencies:
    "@microfeed/theme-kit": "npm:^1.0.0"
  languageName: unknown
  linkType: soft

"mustache@npm:^4.2.0":
  version: 4.2.0
  resolution: "mustache@npm:4.2.0"
  bin:
    mustache: bin/mustache
  checksum: 10c0/1f8197e8a19e63645a786581d58c41df7853da26702dbc005193e2437c98ca49b255345c173d50c08fe4b4dbb363e53cb655ecc570791f8deb09887248dd34a2
  languageName: node
  linkType: hard

"parse5@npm:^7.3.0":
  version: 7.3.0
  resolution: "parse5@npm:7.3.0"
  dependencies:
    entities: "npm:^6.0.0"
  checksum: 10c0/7fd2e4e247e85241d6f2a464d0085eed599a26d7b0a5233790c49f53473232eb85350e8133344d9b3fd58b89339e7ad7270fe1f89d28abe50674ec97b87f80b5
  languageName: node
  linkType: hard

"path-expression-matcher@npm:^1.6.1, path-expression-matcher@npm:^1.6.2":
  version: 1.6.2
  resolution: "path-expression-matcher@npm:1.6.2"
  checksum: 10c0/8241302f563de367a81acacd417055a22dd3792a84700569dc2a7888da31aa18eb01131c55f05200c92790b6c45b01fee1984b02540cc5f15726ba1b73a8a075
  languageName: node
  linkType: hard

"semver@npm:^7.8.5":
  version: 7.8.5
  resolution: "semver@npm:7.8.5"
  bin:
    semver: bin/semver.js
  checksum: 10c0/b1f3127a5be8125a94f37188b361c212466c292c6910adce3ec106cff5dc211ccaedc4739c11bb70fda59d6fc1f040a9bca289f4e093451521a2372e5231fe0c
  languageName: node
  linkType: hard

"strnum@npm:^2.4.1":
  version: 2.4.2
  resolution: "strnum@npm:2.4.2"
  dependencies:
    anynum: "npm:^1.0.1"
  checksum: 10c0/71a94dcc12cf3187e10089ed2ddcf7c289fed168ce4a33ee393bbd009a9199c237e3ef71597f3c91fac4203dd1e675c090eb4131226fd70af6fa2a31b0175de2
  languageName: node
  linkType: hard

"xml-naming@npm:^0.3.0":
  version: 0.3.0
  resolution: "xml-naming@npm:0.3.0"
  checksum: 10c0/48bfc4fe888cdf1c3eceb7853632ebce59e4aa71f0ae33c3f9ce1fbd3213caad293457de0a311114491f0d4efcfba70977dcba3a4f66dfed8c92edbb938056bf
  languageName: node
  linkType: hard

"zod@npm:^4.4.3":
  version: 4.6.5
  resolution: "zod@npm:4.6.5"
  checksum: 10c0/32eb6c5e98becbe045675b2141c3611451c16ba567f9779231d79af41c4d651ca1c22f154aef7e6c6e77b929f23e43f1154ca05b82e119e922353725d6776af5
  languageName: node
  linkType: hard
